{
  "version": 4,
  "terraform_version": "1.14.0",
  "serial": 240,
  "lineage": "e415bb45-684e-bc7c-35fd-291b30dfe340",
  "outputs": {
    "disk_image": {
      "value": "test.qcow2",
      "type": "string"
    },
    "vm_name": {
      "value": "test",
      "type": "string"
    }
  },
  "resources": [
    {
      "mode": "managed",
      "type": "libvirt_domain",
      "name": "vm",
      "provider": "provider[\"registry.terraform.io/dmacvicar/libvirt\"]",
      "instances": [
        {
          "schema_version": 0,
          "attributes": {
            "autostart": null,
            "bootloader": null,
            "bootloader_args": null,
            "clock": null,
            "cpu": {
              "check": null,
              "deprecated_features": null,
              "match": null,
              "migratable": null,
              "mode": "host-passthrough",
              "model": null,
              "vendor": null
            },
            "create": null,
            "current_memory": null,
            "description": null,
            "destroy": null,
            "devices": {
              "consoles": null,
              "disks": [
                {
                  "device": "disk",
                  "source": {
                    "block": null,
                    "file": null,
                    "pool": "default",
                    "volume": "test.qcow2"
                  },
                  "target": {
                    "bus": "virtio",
                    "dev": "vda"
                  },
                  "wwn": null
                },
                {
                  "device": "cdrom",
                  "source": {
                    "block": null,
                    "file": "/var/www/html/isos/Rocky-9.6-x86_64-minimal.iso",
                    "pool": null,
                    "volume": null
                  },
                  "target": {
                    "bus": "sata",
                    "dev": "sda"
                  },
                  "wwn": null
                }
              ],
              "emulator": null,
              "filesystems": null,
              "graphics": {
                "spice": {
                  "autoport": "yes",
                  "listen": null,
                  "port": null,
                  "tlsport": null
                },
                "vnc": null
              },
              "interfaces": [
                {
                  "mac": null,
                  "model": "virtio",
                  "source": {
                    "bridge": null,
                    "dev": null,
                    "mode": null,
                    "network": "default",
                    "portgroup": null
                  },
                  "type": "network",
                  "wait_for_ip": null
                }
              ],
              "rngs": null,
              "serials": [
                {
                  "source_path": null,
                  "target_port": 0,
                  "target_type": "isa-serial",
                  "type": "pty"
                }
              ],
              "tpms": null,
              "video": {
                "type": "virtio"
              }
            },
            "features": null,
            "hwuuid": null,
            "id": "8b4d5870-3311-497a-96d5-9036d55c73f0",
            "iothreads": null,
            "max_memory": null,
            "max_memory_slots": null,
            "memory": 4194304,
            "metadata": null,
            "name": "test",
            "on_crash": null,
            "on_poweroff": null,
            "on_reboot": null,
            "os": {
              "arch": "x86_64",
              "boot_devices": [
                "cdrom",
                "hd",
                "network"
              ],
              "firmware": null,
              "initrd": null,
              "kernel": null,
              "kernel_args": null,
              "loader_path": null,
              "loader_readonly": null,
              "loader_type": null,
              "machine": "q35",
              "nvram": null,
              "type": "hvm"
            },
            "pm": null,
            "running": null,
            "title": null,
            "type": null,
            "unit": null,
            "uuid": "8b4d5870-3311-497a-96d5-9036d55c73f0",
            "vcpu": 2
          },
          "sensitive_attributes": [],
          "identity_schema_version": 0,
          "dependencies": [
            "libvirt_volume.disk"
          ]
        }
      ]
    },
    {
      "mode": "managed",
      "type": "libvirt_volume",
      "name": "disk",
      "provider": "provider[\"registry.terraform.io/dmacvicar/libvirt\"]",
      "instances": [
        {
          "schema_version": 0,
          "attributes": {
            "allocation": 200704,
            "backing_store": null,
            "capacity": 21474836480,
            "create": null,
            "format": "qcow2",
            "id": "/var/lib/libvirt/images/test.qcow2",
            "key": "/var/lib/libvirt/images/test.qcow2",
            "name": "test.qcow2",
            "path": "/var/lib/libvirt/images/test.qcow2",
            "permissions": null,
            "pool": "default",
            "type": "file"
          },
          "sensitive_attributes": [],
          "identity_schema_version": 0
        }
      ]
    }
  ],
  "check_results": null
}
